
Microsoft Visual Studio Solution File, Format Version 12.00
# Visual Studio 15
VisualStudioVersion = 15.0.28307.489
MinimumVisualStudioVersion = 10.0.40219.1
Project("{FAE04EC0-301F-11D3-BF4B-00C04F79EFBC}") = "StopsToTransfers", "StopsToTransfers\StopsToTransfers.csproj", "{96D1E33E-F510-4155-9E01-3EB34D292F1C}"
EndProject
Global
	GlobalSection(SolutionConfigurationPlatforms) = preSolution
		Debug|Any CPU = Debug|Any CPU
		Release|Any CPU = Release|Any CPU
	EndGlobalSection
	GlobalSection(ProjectConfigurationPlatforms) = postSolution
		{96D1E33E-F510-4155-9E01-3EB34D292F1C}.Debug|Any CPU.ActiveCfg = Debug|Any CPU
		{96D1E33E-F510-4155-9E01-3EB34D292F1C}.Debug|Any CPU.Build.0 = Debug|Any CPU
		{96D1E33E-F510-4155-9E01-3EB34D292F1C}.Release|Any CPU.ActiveCfg = Release|Any CPU
		{96D1E33E-F510-4155-9E01-3EB34D292F1C}.Release|Any CPU.Build.0 = Release|Any CPU
	EndGlobalSection
	GlobalSection(SolutionProperties) = preSolution
		HideSolutionNode = FALSE
	EndGlobalSection
	GlobalSection(ExtensibilityGlobals) = postSolution
		SolutionGuid = {F3E1741F-5514-49BA-886A-798CEA58D3B4}
	EndGlobalSection
EndGlobal
